
Microsoft Visual Studio Solution File, Format Version 12.00
Project("{FAE04EC0-301F-11D3-BF4B-00C04F79EFBC}") = "PS.API", "PS.API\PS.API.csproj", "{085B2D57-3539-47E4-9344-A36E2738AAB6}"
EndProject
Global
	GlobalSection(SolutionConfigurationPlatforms) = preSolution
		Debug|Any CPU = Debug|Any CPU
		Release|Any CPU = Release|Any CPU
	EndGlobalSection
	GlobalSection(ProjectConfigurationPlatforms) = postSolution
		{085B2D57-3539-47E4-9344-A36E2738AAB6}.Debug|Any CPU.ActiveCfg = Debug|Any CPU
		{085B2D57-3539-47E4-9344-A36E2738AAB6}.Debug|Any CPU.Build.0 = Debug|Any CPU
		{085B2D57-3539-47E4-9344-A36E2738AAB6}.Release|Any CPU.ActiveCfg = Release|Any CPU
		{085B2D57-3539-47E4-9344-A36E2738AAB6}.Release|Any CPU.Build.0 = Release|Any CPU
	EndGlobalSection
EndGlobal
